
Microsoft Visual Studio Solution File, Format Version 12.00
# Visual Studio 2017
Project("{FAE04EC0-301F-11D3-BF4B-00C04F79EFBC}") = "Sensational.Plugins", "Sensational.Plugins.csproj", "{C8E9B956-E69C-2CD7-74E7-8340347899EB}"
EndProject
Project("{FAE04EC0-301F-11D3-BF4B-00C04F79EFBC}") = "Sensational", "Sensational.csproj", "{B4BBDA2D-3466-E17E-06E7-62F3C4750A17}"
EndProject
Project("{FAE04EC0-301F-11D3-BF4B-00C04F79EFBC}") = "Sensational.Editor", "Sensational.Editor.csproj", "{48B42C52-EB3C-54A8-885B-68B1DED8D264}"
EndProject
Global
	GlobalSection(SolutionConfigurationPlatforms) = preSolution
		Debug|Any CPU = Debug|Any CPU
		Release|Any CPU = Release|Any CPU
	EndGlobalSection
	GlobalSection(ProjectConfigurationPlatforms) = postSolution
		{C8E9B956-E69C-2CD7-74E7-8340347899EB}.Debug|Any CPU.ActiveCfg = Debug|Any CPU
		{C8E9B956-E69C-2CD7-74E7-8340347899EB}.Debug|Any CPU.Build.0 = Debug|Any CPU
		{C8E9B956-E69C-2CD7-74E7-8340347899EB}.Release|Any CPU.ActiveCfg = Release|Any CPU
		{C8E9B956-E69C-2CD7-74E7-8340347899EB}.Release|Any CPU.Build.0 = Release|Any CPU
		{B4BBDA2D-3466-E17E-06E7-62F3C4750A17}.Debug|Any CPU.ActiveCfg = Debug|Any CPU
		{B4BBDA2D-3466-E17E-06E7-62F3C4750A17}.Debug|Any CPU.Build.0 = Debug|Any CPU
		{B4BBDA2D-3466-E17E-06E7-62F3C4750A17}.Release|Any CPU.ActiveCfg = Release|Any CPU
		{B4BBDA2D-3466-E17E-06E7-62F3C4750A17}.Release|Any CPU.Build.0 = Release|Any CPU
		{48B42C52-EB3C-54A8-885B-68B1DED8D264}.Debug|Any CPU.ActiveCfg = Debug|Any CPU
		{48B42C52-EB3C-54A8-885B-68B1DED8D264}.Debug|Any CPU.Build.0 = Debug|Any CPU
		{48B42C52-EB3C-54A8-885B-68B1DED8D264}.Release|Any CPU.ActiveCfg = Release|Any CPU
		{48B42C52-EB3C-54A8-885B-68B1DED8D264}.Release|Any CPU.Build.0 = Release|Any CPU
	EndGlobalSection
	GlobalSection(SolutionProperties) = preSolution
		HideSolutionNode = FALSE
	EndGlobalSection
EndGlobal
